
Microsoft Visual Studio Solution File, Format Version 12.00
# Visual Studio Version 16
VisualStudioVersion = 16.0.32002.261
MinimumVisualStudioVersion = 10.0.40219.1
Project("{FAE04EC0-301F-11D3-BF4B-00C04F79EFBC}") = "Array", "Array\Array.csproj", "{A82A5F90-1195-4136-9EB3-A133CCAFCF4D}"
EndProject
Global
	GlobalSection(SolutionConfigurationPlatforms) = preSolution
		Debug|Any CPU = Debug|Any CPU
		Release|Any CPU = Release|Any CPU
	EndGlobalSection
	GlobalSection(ProjectConfigurationPlatforms) = postSolution
		{A82A5F90-1195-4136-9EB3-A133CCAFCF4D}.Debug|Any CPU.ActiveCfg = Debug|Any CPU
		{A82A5F90-1195-4136-9EB3-A133CCAFCF4D}.Debug|Any CPU.Build.0 = Debug|Any CPU
		{A82A5F90-1195-4136-9EB3-A133CCAFCF4D}.Release|Any CPU.ActiveCfg = Release|Any CPU
		{A82A5F90-1195-4136-9EB3-A133CCAFCF4D}.Release|Any CPU.Build.0 = Release|Any CPU
	EndGlobalSection
	GlobalSection(SolutionProperties) = preSolution
		HideSolutionNode = FALSE
	EndGlobalSection
	GlobalSection(ExtensibilityGlobals) = postSolution
		SolutionGuid = {B971DE0E-1188-48B2-AA20-75904EE6B055}
	EndGlobalSection
EndGlobal
